
Microsoft Visual Studio Solution File, Format Version 12.00
# Visual Studio Version 17
VisualStudioVersion = 17.5.33516.290
MinimumVisualStudioVersion = 10.0.40219.1
Project("{FAE04EC0-301F-11D3-BF4B-00C04F79EFBC}") = "RestaurantAPI", "RestaurantAPI\RestaurantAPI.csproj", "{1540E857-F99C-43FC-BA19-A57651AF9318}"
EndProject
Global
	GlobalSection(SolutionConfigurationPlatforms) = preSolution
		Debug|Any CPU = Debug|Any CPU
		Release|Any CPU = Release|Any CPU
	EndGlobalSection
	GlobalSection(ProjectConfigurationPlatforms) = postSolution
		{1540E857-F99C-43FC-BA19-A57651AF9318}.Debug|Any CPU.ActiveCfg = Debug|Any CPU
		{1540E857-F99C-43FC-BA19-A57651AF9318}.Debug|Any CPU.Build.0 = Debug|Any CPU
		{1540E857-F99C-43FC-BA19-A57651AF9318}.Release|Any CPU.ActiveCfg = Release|Any CPU
		{1540E857-F99C-43FC-BA19-A57651AF9318}.Release|Any CPU.Build.0 = Release|Any CPU
	EndGlobalSection
	GlobalSection(SolutionProperties) = preSolution
		HideSolutionNode = FALSE
	EndGlobalSection
	GlobalSection(ExtensibilityGlobals) = postSolution
		SolutionGuid = {A695A314-E1A2-4148-83A8-DDAAC44F29E0}
	EndGlobalSection
EndGlobal
